
Microsoft Visual Studio Solution File, Format Version 12.00
# Visual Studio 2012
Project("{FAE04EC0-301F-11D3-BF4B-00C04F79EFBC}") = "WOL", "WOL.csproj", "{F49B6142-9C49-4142-9CA0-C82D89150322}"
EndProject
Global
	GlobalSection(TeamFoundationVersionControl) = preSolution
		SccNumberOfProjects = 2
		SccEnterpriseProvider = {4CA58AB2-18FA-4F8D-95D4-32DDF27D184C}
		SccTeamFoundationServer = https://ghost1908.visualstudio.com/defaultcollection
		SccLocalPath0 = .
		SccProjectUniqueName1 = WOL.csproj
		SccLocalPath1 = .
	EndGlobalSection
	GlobalSection(SolutionConfigurationPlatforms) = preSolution
		Debug|Any CPU = Debug|Any CPU
		Release|Any CPU = Release|Any CPU
	EndGlobalSection
	GlobalSection(ProjectConfigurationPlatforms) = postSolution
		{F49B6142-9C49-4142-9CA0-C82D89150322}.Debug|Any CPU.ActiveCfg = Debug|Any CPU
		{F49B6142-9C49-4142-9CA0-C82D89150322}.Debug|Any CPU.Build.0 = Debug|Any CPU
		{F49B6142-9C49-4142-9CA0-C82D89150322}.Release|Any CPU.ActiveCfg = Release|Any CPU
		{F49B6142-9C49-4142-9CA0-C82D89150322}.Release|Any CPU.Build.0 = Release|Any CPU
	EndGlobalSection
	GlobalSection(SolutionProperties) = preSolution
		HideSolutionNode = FALSE
	EndGlobalSection
EndGlobal
